// !$*UTF8*$!
{
	archiveVersion = 1;
	classes = {
	};
	objectVersion = 50;
	objects = {

/* Begin PBXBuildFile section */
		7F676A8224FCE9780066CE22 /* AppDelegate.swift in Sources */ = {isa = PBXBuildFile; fileRef = 7F676A8124FCE9780066CE22 /* AppDelegate.swift */; };
		7F676A8424FCE9780066CE22 /* SceneDelegate.swift in Sources */ = {isa = PBXBuildFile; fileRef = 7F676A8324FCE9780066CE22 /* SceneDelegate.swift */; };
		7F676A8624FCE9780066CE22 /* ViewController.swift in Sources */ = {isa = PBXBuildFile; fileRef = 7F676A8524FCE9780066CE22 /* ViewController.swift */; };
		7F676A8924FCE9780066CE22 /* Main.storyboard in Resources */ = {isa = PBXBuildFile; fileRef = 7F676A8724FCE9780066CE22 /* Main.storyboard */; };
		7F676A8B24FCE9790066CE22 /* Assets.xcassets in Resources */ = {isa = PBXBuildFile; fileRef = 7F676A8A24FCE9790066CE22 /* Assets.xcassets */; };
		7F676A8E24FCE9790066CE22 /* LaunchScreen.storyboard in Resources */ = {isa = PBXBuildFile; fileRef = 7F676A8C24FCE9790066CE22 /* LaunchScreen.storyboard */; };
		7F676A9924FCE9790066CE22 /* TipCalcTests.swift in Sources */ = {isa = PBXBuildFile; fileRef = 7F676A9824FCE9790066CE22 /* TipCalcTests.swift */; };
		7F676AA424FCE9790066CE22 /* TipCalcUITests.swift in Sources */ = {isa = PBXBuildFile; fileRef = 7F676AA324FCE9790066CE22 /* TipCalcUITests.swift */; };
/* End PBXBuildFile section */

/* Begin PBXContainerItemProxy section */
		7F676A9524FCE9790066CE22 /* PBXContainerItemProxy */ = {
			isa = PBXContainerItemProxy;
			containerPortal = 7F676A7624FCE9780066CE22 /* Project object */;
			proxyType = 1;
			remoteGlobalIDString = 7F676A7D24FCE9780066CE22;
			remoteInfo = TipCalc;
		};
		7F676AA024FCE9790066CE22 /* PBXContainerItemProxy */ = {
			isa = PBXContainerItemProxy;
			containerPortal = 7F676A7624FCE9780066CE22 /* Project object */;
			proxyType = 1;
			remoteGlobalIDString = 7F676A7D24FCE9780066CE22;
			remoteInfo = TipCalc;
		};
/* End PBXContainerItemProxy section */

/* Begin PBXFileReference section */
		7F676A7E24FCE9780066CE22 /* TipCalc.app */ = {isa = PBXFileReference; explicitFileType = wrapper.application; includeInIndex = 0; path = TipCalc.app; sourceTree = BUILT_PRODUCTS_DIR; };
		7F676A8124FCE9780066CE22 /* AppDelegate.swift */ = {isa = PBXFileReference; lastKnownFileType = sourcecode.swift; path = AppDelegate.swift; sourceTree = "<group>"; };
		7F676A8324FCE9780066CE22 /* SceneDelegate.swift */ = {isa = PBXFileReference; lastKnownFileType = sourcecode.swift; path = SceneDelegate.swift; sourceTree = "<group>"; };
		7F676A8524FCE9780066CE22 /* ViewController.swift */ = {isa = PBXFileReference; lastKnownFileType = sourcecode.swift; path = ViewController.swift; sourceTree = "<group>"; };
		7F676A8824FCE9780066CE22 /* Base */ = {isa = PBXFileReference; lastKnownFileType = file.storyboard; name = Base; path = Base.lproj/Main.storyboard; sourceTree = "<group>"; };
		7F676A8A24FCE9790066CE22 /* Assets.xcassets */ = {isa = PBXFileReference; lastKnownFileType = folder.assetcatalog; path = Assets.xcassets; sourceTree = "<group>"; };
		7F676A8D24FCE9790066CE22 /* Base */ = {isa = PBXFileReference; lastKnownFileType = file.storyboard; name = Base; path = Base.lproj/LaunchScreen.storyboard; sourceTree = "<group>"; };
		7F676A8F24FCE9790066CE22 /* Info.plist */ = {isa = PBXFileReference; lastKnownFileType = text.plist.xml; path = Info.plist; sourceTree = "<group>"; };
		7F676A9424FCE9790066CE22 /* TipCalcTests.xctest */ = {isa = PBXFileReference; explicitFileType = wrapper.cfbundle; includeInIndex = 0; path = TipCalcTests.xctest; sourceTree = BUILT_PRODUCTS_DIR; };
		7F676A9824FCE9790066CE22 /* TipCalcTests.swift */ = {isa = PBXFileReference; lastKnownFileType = sourcecode.swift; path = TipCalcTests.swift; sourceTree = "<group>"; };
		7F676A9A24FCE9790066CE22 /* Info.plist */ = {isa = PBXFileReference; lastKnownFileType = text.plist.xml; path = Info.plist; sourceTree = "<group>"; };
		7F676A9F24FCE9790066CE22 /* TipCalcUITests.xctest */ = {isa = PBXFileReference; explicitFileType = wrapper.cfbundle; includeInIndex = 0; path = TipCalcUITests.xctest; sourceTree = BUILT_PRODUCTS_DIR; };
		7F676AA324FCE9790066CE22 /* TipCalcUITests.swift */ = {isa = PBXFileReference; lastKnownFileType = sourcecode.swift; path = TipCalcUITests.swift; sourceTree = "<group>"; };
		7F676AA524FCE9790066CE22 /* Info.plist */ = {isa = PBXFileReference; lastKnownFileType = text.plist.xml; path = Info.plist; sourceTree = "<group>"; };
/* End PBXFileReference section */

/* Begin PBXFrameworksBuildPhase section */
		7F676A7B24FCE9780066CE22 /* Frameworks */ = {
			isa = PBXFrameworksBuildPhase;
			buildActionMask = 2147483647;
			files = (
			);
			runOnlyForDeploymentPostprocessing = 0;
		};
		7F676A9124FCE9790066CE22 /* Frameworks */ = {
			isa = PBXFrameworksBuildPhase;
			buildActionMask = 2147483647;
			files = (
			);
			runOnlyForDeploymentPostprocessing = 0;
		};
		7F676A9C24FCE9790066CE22 /* Frameworks */ = {
			isa = PBXFrameworksBuildPhase;
			buildActionMask = 2147483647;
			files = (
			);
			runOnlyForDeploymentPostprocessing = 0;
		};
/* End PBXFrameworksBuildPhase section */

/* Begin PBXGroup section */
		7F676A7524FCE9780066CE22 = {
			isa = PBXGroup;
			children = (
				7F676A8024FCE9780066CE22 /* TipCalc */,
				7F676A9724FCE9790066CE22 /* TipCalcTests */,
				7F676AA224FCE9790066CE22 /* TipCalcUITests */,
				7F676A7F24FCE9780066CE22 /* Products */,
			);
			sourceTree = "<group>";
		};
		7F676A7F24FCE9780066CE22 /* Products */ = {
			isa = PBXGroup;
			children = (
				7F676A7E24FCE9780066CE22 /* TipCalc.app */,
				7F676A9424FCE9790066CE22 /* TipCalcTests.xctest */,
				7F676A9F24FCE9790066CE22 /* TipCalcUITests.xctest */,
			);
			name = Products;
			sourceTree = "<group>";
		};
		7F676A8024FCE9780066CE22 /* TipCalc */ = {
			isa = PBXGroup;
			children = (
				7F676A8124FCE9780066CE22 /* AppDelegate.swift */,
				7F676A8324FCE9780066CE22 /* SceneDelegate.swift */,
				7F676A8524FCE9780066CE22 /* ViewController.swift */,
				7F676A8724FCE9780066CE22 /* Main.storyboard */,
				7F676A8A24FCE9790066CE22 /* Assets.xcassets */,
				7F676A8C24FCE9790066CE22 /* LaunchScreen.storyboard */,
				7F676A8F24FCE9790066CE22 /* Info.plist */,
			);
			path = TipCalc;
			sourceTree = "<group>";
		};
		7F676A9724FCE9790066CE22 /* TipCalcTests */ = {
			isa = PBXGroup;
			children = (
				7F676A9824FCE9790066CE22 /* TipCalcTests.swift */,
				7F676A9A24FCE9790066CE22 /* Info.plist */,
			);
			path = TipCalcTests;
			sourceTree = "<group>";
		};
		7F676AA224FCE9790066CE22 /* TipCalcUITests */ = {
			isa = PBXGroup;
			children = (
				7F676AA324FCE9790066CE22 /* TipCalcUITests.swift */,
				7F676AA524FCE9790066CE22 /* Info.plist */,
			);
			path = TipCalcUITests;
			sourceTree = "<group>";
		};
/* End PBXGroup section */

/* Begin PBXNativeTarget section */
		7F676A7D24FCE9780066CE22 /* TipCalc */ = {
			isa = PBXNativeTarget;
			buildConfigurationList = 7F676AA824FCE9790066CE22 /* Build configuration list for PBXNativeTarget "TipCalc" */;
			buildPhases = (
				7F676A7A24FCE9780066CE22 /* Sources */,
				7F676A7B24FCE9780066CE22 /* Frameworks */,
				7F676A7C24FCE9780066CE22 /* Resources */,
			);
			buildRules = (
			);
			dependencies = (
			);
			name = TipCalc;
			productName = TipCalc;
			productReference = 7F676A7E24FCE9780066CE22 /* TipCalc.app */;
			productType = "com.apple.product-type.application";
		};
		7F676A9324FCE9790066CE22 /* TipCalcTests */ = {
			isa = PBXNativeTarget;
			buildConfigurationList = 7F676AAB24FCE9790066CE22 /* Build configuration list for PBXNativeTarget "TipCalcTests" */;
			buildPhases = (
				7F676A9024FCE9790066CE22 /* Sources */,
				7F676A9124FCE9790066CE22 /* Frameworks */,
				7F676A9224FCE9790066CE22 /* Resources */,
			);
			buildRules = (
			);
			dependencies = (
				7F676A9624FCE9790066CE22 /* PBXTargetDependency */,
			);
			name = TipCalcTests;
			productName = TipCalcTests;
			productReference = 7F676A9424FCE9790066CE22 /* TipCalcTests.xctest */;
			productType = "com.apple.product-type.bundle.unit-test";
		};
		7F676A9E24FCE9790066CE22 /* TipCalcUITests */ = {
			isa = PBXNativeTarget;
			buildConfigurationList = 7F676AAE24FCE9790066CE22 /* Build configuration list for PBXNativeTarget "TipCalcUITests" */;
			buildPhases = (
				7F676A9B24FCE9790066CE22 /* Sources */,
				7F676A9C24FCE9790066CE22 /* Frameworks */,
				7F676A9D24FCE9790066CE22 /* Resources */,
			);
			buildRules = (
			);
			dependencies = (
				7F676AA124FCE9790066CE22 /* PBXTargetDependency */,
			);
			name = TipCalcUITests;
			productName = TipCalcUITests;
			productReference = 7F676A9F24FCE9790066CE22 /* TipCalcUITests.xctest */;
			productType = "com.apple.product-type.bundle.ui-testing";
		};
/* End PBXNativeTarget section */

/* Begin PBXProject section */
		7F676A7624FCE9780066CE22 /* Project object */ = {
			isa = PBXProject;
			attributes = {
				LastSwiftUpdateCheck = 1160;
				LastUpgradeCheck = 1160;
				ORGANIZATIONNAME = Codepath;
				TargetAttributes = {
					7F676A7D24FCE9780066CE22 = {
						CreatedOnToolsVersion = 11.6;
					};
					7F676A9324FCE9790066CE22 = {
						CreatedOnToolsVersion = 11.6;
						TestTargetID = 7F676A7D24FCE9780066CE22;
					};
					7F676A9E24FCE9790066CE22 = {
						CreatedOnToolsVersion = 11.6;
						TestTargetID = 7F676A7D24FCE9780066CE22;
					};
				};
			};
			buildConfigurationList = 7F676A7924FCE9780066CE22 /* Build configuration list for PBXProject "TipCalc" */;
			compatibilityVersion = "Xcode 9.3";
			developmentRegion = en;
			hasScannedForEncodings = 0;
			knownRegions = (
				en,
				Base,
			);
			mainGroup = 7F676A7524FCE9780066CE22;
			productRefGroup = 7F676A7F24FCE9780066CE22 /* Products */;
			projectDirPath = "";
			projectRoot = "";
			targets = (
				7F676A7D24FCE9780066CE22 /* TipCalc */,
				7F676A9324FCE9790066CE22 /* TipCalcTests */,
				7F676A9E24FCE9790066CE22 /* TipCalcUITests */,
			);
		};
/* End PBXProject section */

/* Begin PBXResourcesBuildPhase section */
		7F676A7C24FCE9780066CE22 /* Resources */ = {
			isa = PBXResourcesBuildPhase;
			buildActionMask = 2147483647;
			files = (
				7F676A8E24FCE9790066CE22 /* LaunchScreen.storyboard in Resources */,
				7F676A8B24FCE9790066CE22 /* Assets.xcassets in Resources */,
				7F676A8924FCE9780066CE22 /* Main.storyboard in Resources */,
			);
			runOnlyForDeploymentPostprocessing = 0;
		};
		7F676A9224FCE9790066CE22 /* Resources */ = {
			isa = PBXResourcesBuildPhase;
			buildActionMask = 2147483647;
			files = (
			);
			runOnlyForDeploymentPostprocessing = 0;
		};
		7F676A9D24FCE9790066CE22 /* Resources */ = {
			isa = PBXResourcesBuildPhase;
			buildActionMask = 2147483647;
			files = (
			);
			runOnlyForDeploymentPostprocessing = 0;
		};
/* End PBXResourcesBuildPhase section */

/* Begin PBXSourcesBuildPhase section */
		7F676A7A24FCE9780066CE22 /* Sources */ = {
			isa = PBXSourcesBuildPhase;
			buildActionMask = 2147483647;
			files = (
				7F676A8624FCE9780066CE22 /* ViewController.swift in Sources */,
				7F676A8224FCE9780066CE22 /* AppDelegate.swift in Sources */,
				7F676A8424FCE9780066CE22 /* SceneDelegate.swift in Sources */,
			);
			runOnlyForDeploymentPostprocessing = 0;
		};
		7F676A9024FCE9790066CE22 /* Sources */ = {
			isa = PBXSourcesBuildPhase;
			buildActionMask = 2147483647;
			files = (
				7F676A9924FCE9790066CE22 /* TipCalcTests.swift in Sources */,
			);
			runOnlyForDeploymentPostprocessing = 0;
		};
		7F676A9B24FCE9790066CE22 /* Sources */ = {
			isa = PBXSourcesBuildPhase;
			buildActionMask = 2147483647;
			files = (
				7F676AA424FCE9790066CE22 /* TipCalcUITests.swift in Sources */,
			);
			runOnlyForDeploymentPostprocessing = 0;
		};
/* End PBXSourcesBuildPhase section */

/* Begin PBXTargetDependency section */
		7F676A9624FCE9790066CE22 /* PBXTargetDependency */ = {
			isa = PBXTargetDependency;
			target = 7F676A7D24FCE9780066CE22 /* TipCalc */;
			targetProxy = 7F676A9524FCE9790066CE22 /* PBXContainerItemProxy */;
		};
		7F676AA124FCE9790066CE22 /* PBXTargetDependency */ = {
			isa = PBXTargetDependency;
			target = 7F676A7D24FCE9780066CE22 /* TipCalc */;
			targetProxy = 7F676AA024FCE9790066CE22 /* PBXContainerItemProxy */;
		};
/* End PBXTargetDependency section */

/* Begin PBXVariantGroup section */
		7F676A8724FCE9780066CE22 /* Main.storyboard */ = {
			isa = PBXVariantGroup;
			children = (
				7F676A8824FCE9780066CE22 /* Base */,
			);
			name = Main.storyboard;
			sourceTree = "<group>";
		};
		7F676A8C24FCE9790066CE22 /* LaunchScreen.storyboard */ = {
			isa = PBXVariantGroup;
			children = (
				7F676A8D24FCE9790066CE22 /* Base */,
			);
			name = LaunchScreen.storyboard;
			sourceTree = "<group>";
		};
/* End PBXVariantGroup section */

/* Begin XCBuildConfiguration section */
		7F676AA624FCE9790066CE22 /* Debug */ = {
			isa = XCBuildConfiguration;
			buildSettings = {
				ALWAYS_SEARCH_USER_PATHS = NO;
				CLANG_ANALYZER_NONNULL = YES;
				CLANG_ANALYZER_NUMBER_OBJECT_CONVERSION = YES_AGGRESSIVE;
				CLANG_CXX_LANGUAGE_STANDARD = "gnu++14";
				CLANG_CXX_LIBRARY = "libc++";
				CLANG_ENABLE_MODULES = YES;
				CLANG_ENABLE_OBJC_ARC = YES;
				CLANG_ENABLE_OBJC_WEAK = YES;
				CLANG_WARN_BLOCK_CAPTURE_AUTORELEASING = YES;
				CLANG_WARN_BOOL_CONVERSION = YES;
				CLANG_WARN_COMMA = YES;
				CLANG_WARN_CONSTANT_CONVERSION = YES;
				CLANG_WARN_DEPRECATED_OBJC_IMPLEMENTATIONS = YES;
				CLANG_WARN_DIRECT_OBJC_ISA_USAGE = YES_ERROR;
				CLANG_WARN_DOCUMENTATION_COMMENTS = YES;
				CLANG_WARN_EMPTY_BODY = YES;
				CLANG_WARN_ENUM_CONVERSION = YES;
				CLANG_WARN_INFINITE_RECURSION = YES;
				CLANG_WARN_INT_CONVERSION = YES;
				CLANG_WARN_NON_LITERAL_NULL_CONVERSION = YES;
				CLANG_WARN_OBJC_IMPLICIT_RETAIN_SELF = YES;
				CLANG_WARN_OBJC_LITERAL_CONVERSION = YES;
				CLANG_WARN_OBJC_ROOT_CLASS = YES_ERROR;
				CLANG_WARN_RANGE_LOOP_ANALYSIS = YES;
				CLANG_WARN_STRICT_PROTOTYPES = YES;
				CLANG_WARN_SUSPICIOUS_MOVE = YES;
				CLANG_WARN_UNGUARDED_AVAILABILITY = YES_AGGRESSIVE;
				CLANG_WARN_UNREACHABLE_CODE = YES;
				CLANG_WARN__DUPLICATE_METHOD_MATCH = YES;
				COPY_PHASE_STRIP = NO;
				DEBUG_INFORMATION_FORMAT = dwarf;
				ENABLE_STRICT_OBJC_MSGSEND = YES;
				ENABLE_TESTABILITY = YES;
				GCC_C_LANGUAGE_STANDARD = gnu11;
				GCC_DYNAMIC_NO_PIC = NO;
				GCC_NO_COMMON_BLOCKS = YES;
				GCC_OPTIMIZATION_LEVEL = 0;
				GCC_PREPROCESSOR_DEFINITIONS = (
					"DEBUG=1",
					"$(inherited)",
				);
				GCC_WARN_64_TO_32_BIT_CONVERSION = YES;
				GCC_WARN_ABOUT_RETURN_TYPE = YES_ERROR;
				GCC_WARN_UNDECLARED_SELECTOR = YES;
				GCC_WARN_UNINITIALIZED_AUTOS = YES_AGGRESSIVE;
				GCC_WARN_UNUSED_FUNCTION = YES;
				GCC_WARN_UNUSED_VARIABLE = YES;
				IPHONEOS_DEPLOYMENT_TARGET = 13.6;
				MTL_ENABLE_DEBUG_INFO = INCLUDE_SOURCE;
				MTL_FAST_MATH = YES;
				ONLY_ACTIVE_ARCH = YES;
				SDKROOT = iphoneos;
				SWIFT_ACTIVE_COMPILATION_CONDITIONS = DEBUG;
				SWIFT_OPTIMIZATION_LEVEL = "-Onone";
			};
			name = Debug;
		};
		7F676AA724FCE9790066CE22 /* Release */ = {
			isa = XCBuildConfiguration;
			buildSettings = {
				ALWAYS_SEARCH_USER_PATHS = NO;
				CLANG_ANALYZER_NONNULL = YES;
				CLANG_ANALYZER_NUMBER_OBJECT_CONVERSION = YES_AGGRESSIVE;
				CLANG_CXX_LANGUAGE_STANDARD = "gnu++14";
				CLANG_CXX_LIBRARY = "libc++";
				CLANG_ENABLE_MODULES = YES;
				CLANG_ENABLE_OBJC_ARC = YES;
				CLANG_ENABLE_OBJC_WEAK = YES;
				CLANG_WARN_BLOCK_CAPTURE_AUTORELEASING = YES;
				CLANG_WARN_BOOL_CONVERSION = YES;
				CLANG_WARN_COMMA = YES;
				CLANG_WARN_CONSTANT_CONVERSION = YES;
				CLANG_WARN_DEPRECATED_OBJC_IMPLEMENTATIONS = YES;
				CLANG_WARN_DIRECT_OBJC_ISA_USAGE = YES_ERROR;
				CLANG_WARN_DOCUMENTATION_COMMENTS = YES;
				CLANG_WARN_EMPTY_BODY = YES;
				CLANG_WARN_ENUM_CONVERSION = YES;
				CLANG_WARN_INFINITE_RECURSION = YES;
				CLANG_WARN_INT_CONVERSION = YES;
				CLANG_WARN_NON_LITERAL_NULL_CONVERSION = YES;
				CLANG_WARN_OBJC_IMPLICIT_RETAIN_SELF = YES;
				CLANG_WARN_OBJC_LITERAL_CONVERSION = YES;
				CLANG_WARN_OBJC_ROOT_CLASS = YES_ERROR;
				CLANG_WARN_RANGE_LOOP_ANALYSIS = YES;
				CLANG_WARN_STRICT_PROTOTYPES = YES;
				CLANG_WARN_SUSPICIOUS_MOVE = YES;
				CLANG_WARN_UNGUARDED_AVAILABILITY = YES_AGGRESSIVE;
				CLANG_WARN_UNREACHABLE_CODE = YES;
				CLANG_WARN__DUPLICATE_METHOD_MATCH = YES;
				COPY_PHASE_STRIP = NO;
				DEBUG_INFORMATION_FORMAT = "dwarf-with-dsym";
				ENABLE_NS_ASSERTIONS = NO;
				ENABLE_STRICT_OBJC_MSGSEND = YES;
				GCC_C_LANGUAGE_STANDARD = gnu11;
				GCC_NO_COMMON_BLOCKS = YES;
				GCC_WARN_64_TO_32_BIT_CONVERSION = YES;
				GCC_WARN_ABOUT_RETURN_TYPE = YES_ERROR;
				GCC_WARN_UNDECLARED_SELECTOR = YES;
				GCC_WARN_UNINITIALIZED_AUTOS = YES_AGGRESSIVE;
				GCC_WARN_UNUSED_FUNCTION = YES;
				GCC_WARN_UNUSED_VARIABLE = YES;
				IPHONEOS_DEPLOYMENT_TARGET = 13.6;
				MTL_ENABLE_DEBUG_INFO = NO;
				MTL_FAST_MATH = YES;
				SDKROOT = iphoneos;
				SWIFT_COMPILATION_MODE = wholemodule;
				SWIFT_OPTIMIZATION_LEVEL = "-O";
				VALIDATE_PRODUCT = YES;
			};
			name = Release;
		};
		7F676AA924FCE9790066CE22 /* Debug */ = {
			isa = XCBuildConfiguration;
			buildSettings = {
				ASSETCATALOG_COMPILER_APPICON_NAME = AppIcon;
				CODE_SIGN_STYLE = Automatic;
				INFOPLIST_FILE = TipCalc/Info.plist;
				LD_RUNPATH_SEARCH_PATHS = (
					"$(inherited)",
					"@executable_path/Frameworks",
				);
				PRODUCT_BUNDLE_IDENTIFIER = Codepath.TipCalc;
				PRODUCT_NAME = "$(TARGET_NAME)";
				SWIFT_VERSION = 5.0;
				TARGETED_DEVICE_FAMILY = "1,2";
			};
			name = Debug;
		};
		7F676AAA24FCE9790066CE22 /* Release */ = {
			isa = XCBuildConfiguration;
			buildSettings = {
				ASSETCATALOG_COMPILER_APPICON_NAME = AppIcon;
				CODE_SIGN_STYLE = Automatic;
				INFOPLIST_FILE = TipCalc/Info.plist;
				LD_RUNPATH_SEARCH_PATHS = (
					"$(inherited)",
					"@executable_path/Frameworks",
				);
				PRODUCT_BUNDLE_IDENTIFIER = Codepath.TipCalc;
				PRODUCT_NAME = "$(TARGET_NAME)";
				SWIFT_VERSION = 5.0;
				TARGETED_DEVICE_FAMILY = "1,2";
			};
			name = Release;
		};
		7F676AAC24FCE9790066CE22 /* Debug */ = {
			isa = XCBuildConfiguration;
			buildSettings = {
				ALWAYS_EMBED_SWIFT_STANDARD_LIBRARIES = YES;
				BUNDLE_LOADER = "$(TEST_HOST)";
				CODE_SIGN_STYLE = Automatic;
				INFOPLIST_FILE = TipCalcTests/Info.plist;
				IPHONEOS_DEPLOYMENT_TARGET = 13.6;
				LD_RUNPATH_SEARCH_PATHS = (
					"$(inherited)",
					"@executable_path/Frameworks",
					"@loader_path/Frameworks",
				);
				PRODUCT_BUNDLE_IDENTIFIER = Codepath.TipCalcTests;
				PRODUCT_NAME = "$(TARGET_NAME)";
				SWIFT_VERSION = 5.0;
				TARGETED_DEVICE_FAMILY = "1,2";
				TEST_HOST = "$(BUILT_PRODUCTS_DIR)/TipCalc.app/TipCalc";
			};
			name = Debug;
		};
		7F676AAD24FCE9790066CE22 /* Release */ = {
			isa = XCBuildConfiguration;
			buildSettings = {
				ALWAYS_EMBED_SWIFT_STANDARD_LIBRARIES = YES;
				BUNDLE_LOADER = "$(TEST_HOST)";
				CODE_SIGN_STYLE = Automatic;
				INFOPLIST_FILE = TipCalcTests/Info.plist;
				IPHONEOS_DEPLOYMENT_TARGET = 13.6;
				LD_RUNPATH_SEARCH_PATHS = (
					"$(inherited)",
					"@executable_path/Frameworks",
					"@loader_path/Frameworks",
				);
				PRODUCT_BUNDLE_IDENTIFIER = Codepath.TipCalcTests;
				PRODUCT_NAME = "$(TARGET_NAME)";
				SWIFT_VERSION = 5.0;
				TARGETED_DEVICE_FAMILY = "1,2";
				TEST_HOST = "$(BUILT_PRODUCTS_DIR)/TipCalc.app/TipCalc";
			};
			name = Release;
		};
		7F676AAF24FCE9790066CE22 /* Debug */ = {
			isa = XCBuildConfiguration;
			buildSettings = {
				ALWAYS_EMBED_SWIFT_STANDARD_LIBRARIES = YES;
				CODE_SIGN_STYLE = Automatic;
				INFOPLIST_FILE = TipCalcUITests/Info.plist;
				LD_RUNPATH_SEARCH_PATHS = (
					"$(inherited)",
					"@executable_path/Frameworks",
					"@loader_path/Frameworks",
				);
				PRODUCT_BUNDLE_IDENTIFIER = Codepath.TipCalcUITests;
				PRODUCT_NAME = "$(TARGET_NAME)";
				SWIFT_VERSION = 5.0;
				TARGETED_DEVICE_FAMILY = "1,2";
				TEST_TARGET_NAME = TipCalc;
			};
			name = Debug;
		};
		7F676AB024FCE9790066CE22 /* Release */ = {
			isa = XCBuildConfiguration;
			buildSettings = {
				ALWAYS_EMBED_SWIFT_STANDARD_LIBRARIES = YES;
				CODE_SIGN_STYLE = Automatic;
				INFOPLIST_FILE = TipCalcUITests/Info.plist;
				LD_RUNPATH_SEARCH_PATHS = (
					"$(inherited)",
					"@executable_path/Frameworks",
					"@loader_path/Frameworks",
				);
				PRODUCT_BUNDLE_IDENTIFIER = Codepath.TipCalcUITests;
				PRODUCT_NAME = "$(TARGET_NAME)";
				SWIFT_VERSION = 5.0;
				TARGETED_DEVICE_FAMILY = "1,2";
				TEST_TARGET_NAME = TipCalc;
			};
			name = Release;
		};
/* End XCBuildConfiguration section */

/* Begin XCConfigurationList section */
		7F676A7924FCE9780066CE22 /* Build configuration list for PBXProject "TipCalc" */ = {
			isa = XCConfigurationList;
			buildConfigurations = (
				7F676AA624FCE9790066CE22 /* Debug */,
				7F676AA724FCE9790066CE22 /* Release */,
			);
			defaultConfigurationIsVisible = 0;
			defaultConfigurationName = Release;
		};
		7F676AA824FCE9790066CE22 /* Build configuration list for PBXNativeTarget "TipCalc" */ = {
			isa = XCConfigurationList;
			buildConfigurations = (
				7F676AA924FCE9790066CE22 /* Debug */,
				7F676AAA24FCE9790066CE22 /* Release */,
			);
			defaultConfigurationIsVisible = 0;
			defaultConfigurationName = Release;
		};
		7F676AAB24FCE9790066CE22 /* Build configuration list for PBXNativeTarget "TipCalcTests" */ = {
			isa = XCConfigurationList;
			buildConfigurations = (
				7F676AAC24FCE9790066CE22 /* Debug */,
				7F676AAD24FCE9790066CE22 /* Release */,
			);
			defaultConfigurationIsVisible = 0;
			defaultConfigurationName = Release;
		};
		7F676AAE24FCE9790066CE22 /* Build configuration list for PBXNativeTarget "TipCalcUITests" */ = {
			isa = XCConfigurationList;
			buildConfigurations = (
				7F676AAF24FCE9790066CE22 /* Debug */,
				7F676AB024FCE9790066CE22 /* Release */,
			);
			defaultConfigurationIsVisible = 0;
			defaultConfigurationName = Release;
		};
/* End XCConfigurationList section */
	};
	rootObject = 7F676A7624FCE9780066CE22 /* Project object */;
}
